{
  "name": "koa-demo",
  "version": "1.0.0",
  "lockfileVersion": 1,
  "requires": true,
  "dependencies": {
    "@koa/cors": {
      "version": "2.2.2",
      "resolved": "http://registry.npm.taobao.org/@koa/cors/download/@koa/cors-2.2.2.tgz",
      "integrity": "sha1-kISrf1gQdzTmsZ1gLZlTjtpz8tA="
    }
  }
}
